// !$*UTF8*$!
{
	archiveVersion = 1;
	classes = {
	};
	objectVersion = 56;
	objects = {

/* Begin PBXBuildFile section */
		DD5E914428E0FE5E00FA4CDB /* AppDelegate.swift in Sources */ = {isa = PBXBuildFile; fileRef = DD5E914328E0FE5E00FA4CDB /* AppDelegate.swift */; };
		DD5E914628E0FE5E00FA4CDB /* SceneDelegate.swift in Sources */ = {isa = PBXBuildFile; fileRef = DD5E914528E0FE5E00FA4CDB /* SceneDelegate.swift */; };
		DD5E914828E0FE5E00FA4CDB /* ViewController.swift in Sources */ = {isa = PBXBuildFile; fileRef = DD5E914728E0FE5E00FA4CDB /* ViewController.swift */; };
		DD5E914B28E0FE5E00FA4CDB /* Main.storyboard in Resources */ = {isa = PBXBuildFile; fileRef = DD5E914928E0FE5E00FA4CDB /* Main.storyboard */; };
		DD5E914D28E0FE5F00FA4CDB /* Assets.xcassets in Resources */ = {isa = PBXBuildFile; fileRef = DD5E914C28E0FE5F00FA4CDB /* Assets.xcassets */; };
		DD5E915028E0FE5F00FA4CDB /* LaunchScreen.storyboard in Resources */ = {isa = PBXBuildFile; fileRef = DD5E914E28E0FE5F00FA4CDB /* LaunchScreen.storyboard */; };
		DD5E915B28E0FE6000FA4CDB /* MyPlacesTests.swift in Sources */ = {isa = PBXBuildFile; fileRef = DD5E915A28E0FE6000FA4CDB /* MyPlacesTests.swift */; };
		DD5E916528E0FE6000FA4CDB /* MyPlacesUITests.swift in Sources */ = {isa = PBXBuildFile; fileRef = DD5E916428E0FE6000FA4CDB /* MyPlacesUITests.swift */; };
		DD5E916728E0FE6000FA4CDB /* MyPlacesUITestsLaunchTests.swift in Sources */ = {isa = PBXBuildFile; fileRef = DD5E916628E0FE6000FA4CDB /* MyPlacesUITestsLaunchTests.swift */; };
		DD5E917728E1004A00FA4CDB /* DetailController.swift in Sources */ = {isa = PBXBuildFile; fileRef = DD5E917328E1004A00FA4CDB /* DetailController.swift */; };
		DD5E917828E1004A00FA4CDB /* ManagerPlaces.swift in Sources */ = {isa = PBXBuildFile; fileRef = DD5E917428E1004A00FA4CDB /* ManagerPlaces.swift */; };
		DD5E917928E1004A00FA4CDB /* Place.swift in Sources */ = {isa = PBXBuildFile; fileRef = DD5E917528E1004A00FA4CDB /* Place.swift */; };
		DD5E917A28E1004A00FA4CDB /* PlaceTourist.swift in Sources */ = {isa = PBXBuildFile; fileRef = DD5E917628E1004A00FA4CDB /* PlaceTourist.swift */; };
		DD5E917C28E1082700FA4CDB /* FirstViewController.swift in Sources */ = {isa = PBXBuildFile; fileRef = DD5E917B28E1082700FA4CDB /* FirstViewController.swift */; };
		DDAEFD4F28EF721A00E5A576 /* MapViewController.swift in Sources */ = {isa = PBXBuildFile; fileRef = DDAEFD4E28EF721A00E5A576 /* MapViewController.swift */; };
		DDB02BFE28EB842900BBCC4D /* sun.png in Resources */ = {isa = PBXBuildFile; fileRef = DDB02BFD28EB842900BBCC4D /* sun.png */; };
		DDB043C828E643D100B882D8 /* NewViewController.swift in Sources */ = {isa = PBXBuildFile; fileRef = DDB043C728E643D100B882D8 /* NewViewController.swift */; };
/* End PBXBuildFile section */

/* Begin PBXContainerItemProxy section */
		DD5E915728E0FE6000FA4CDB /* PBXContainerItemProxy */ = {
			isa = PBXContainerItemProxy;
			containerPortal = DD5E913828E0FE5E00FA4CDB /* Project object */;
			proxyType = 1;
			remoteGlobalIDString = DD5E913F28E0FE5E00FA4CDB;
			remoteInfo = MyPlaces;
		};
		DD5E916128E0FE6000FA4CDB /* PBXContainerItemProxy */ = {
			isa = PBXContainerItemProxy;
			containerPortal = DD5E913828E0FE5E00FA4CDB /* Project object */;
			proxyType = 1;
			remoteGlobalIDString = DD5E913F28E0FE5E00FA4CDB;
			remoteInfo = MyPlaces;
		};
/* End PBXContainerItemProxy section */

/* Begin PBXFileReference section */
		DD5E914028E0FE5E00FA4CDB /* MyPlaces.app */ = {isa = PBXFileReference; explicitFileType = wrapper.application; includeInIndex = 0; path = MyPlaces.app; sourceTree = BUILT_PRODUCTS_DIR; };
		DD5E914328E0FE5E00FA4CDB /* AppDelegate.swift */ = {isa = PBXFileReference; lastKnownFileType = sourcecode.swift; path = AppDelegate.swift; sourceTree = "<group>"; };
		DD5E914528E0FE5E00FA4CDB /* SceneDelegate.swift */ = {isa = PBXFileReference; lastKnownFileType = sourcecode.swift; path = SceneDelegate.swift; sourceTree = "<group>"; };
		DD5E914728E0FE5E00FA4CDB /* ViewController.swift */ = {isa = PBXFileReference; lastKnownFileType = sourcecode.swift; path = ViewController.swift; sourceTree = "<group>"; };
		DD5E914A28E0FE5E00FA4CDB /* Base */ = {isa = PBXFileReference; lastKnownFileType = file.storyboard; name = Base; path = Base.lproj/Main.storyboard; sourceTree = "<group>"; };
		DD5E914C28E0FE5F00FA4CDB /* Assets.xcassets */ = {isa = PBXFileReference; lastKnownFileType = folder.assetcatalog; path = Assets.xcassets; sourceTree = "<group>"; };
		DD5E914F28E0FE5F00FA4CDB /* Base */ = {isa = PBXFileReference; lastKnownFileType = file.storyboard; name = Base; path = Base.lproj/LaunchScreen.storyboard; sourceTree = "<group>"; };
		DD5E915128E0FE5F00FA4CDB /* Info.plist */ = {isa = PBXFileReference; lastKnownFileType = text.plist.xml; path = Info.plist; sourceTree = "<group>"; };
		DD5E915628E0FE6000FA4CDB /* MyPlacesTests.xctest */ = {isa = PBXFileReference; explicitFileType = wrapper.cfbundle; includeInIndex = 0; path = MyPlacesTests.xctest; sourceTree = BUILT_PRODUCTS_DIR; };
		DD5E915A28E0FE6000FA4CDB /* MyPlacesTests.swift */ = {isa = PBXFileReference; lastKnownFileType = sourcecode.swift; path = MyPlacesTests.swift; sourceTree = "<group>"; };
		DD5E916028E0FE6000FA4CDB /* MyPlacesUITests.xctest */ = {isa = PBXFileReference; explicitFileType = wrapper.cfbundle; includeInIndex = 0; path = MyPlacesUITests.xctest; sourceTree = BUILT_PRODUCTS_DIR; };
		DD5E916428E0FE6000FA4CDB /* MyPlacesUITests.swift */ = {isa = PBXFileReference; lastKnownFileType = sourcecode.swift; path = MyPlacesUITests.swift; sourceTree = "<group>"; };
		DD5E916628E0FE6000FA4CDB /* MyPlacesUITestsLaunchTests.swift */ = {isa = PBXFileReference; lastKnownFileType = sourcecode.swift; path = MyPlacesUITestsLaunchTests.swift; sourceTree = "<group>"; };
		DD5E917328E1004A00FA4CDB /* DetailController.swift */ = {isa = PBXFileReference; fileEncoding = 4; lastKnownFileType = sourcecode.swift; path = DetailController.swift; sourceTree = "<group>"; };
		DD5E917428E1004A00FA4CDB /* ManagerPlaces.swift */ = {isa = PBXFileReference; fileEncoding = 4; lastKnownFileType = sourcecode.swift; path = ManagerPlaces.swift; sourceTree = "<group>"; };
		DD5E917528E1004A00FA4CDB /* Place.swift */ = {isa = PBXFileReference; fileEncoding = 4; lastKnownFileType = sourcecode.swift; path = Place.swift; sourceTree = "<group>"; };
		DD5E917628E1004A00FA4CDB /* PlaceTourist.swift */ = {isa = PBXFileReference; fileEncoding = 4; lastKnownFileType = sourcecode.swift; path = PlaceTourist.swift; sourceTree = "<group>"; };
		DD5E917B28E1082700FA4CDB /* FirstViewController.swift */ = {isa = PBXFileReference; lastKnownFileType = sourcecode.swift; path = FirstViewController.swift; sourceTree = "<group>"; };
		DDAEFD4E28EF721A00E5A576 /* MapViewController.swift */ = {isa = PBXFileReference; lastKnownFileType = sourcecode.swift; path = MapViewController.swift; sourceTree = "<group>"; };
		DDB02BFD28EB842900BBCC4D /* sun.png */ = {isa = PBXFileReference; lastKnownFileType = image.png; path = sun.png; sourceTree = "<group>"; };
		DDB043C728E643D100B882D8 /* NewViewController.swift */ = {isa = PBXFileReference; lastKnownFileType = sourcecode.swift; path = NewViewController.swift; sourceTree = "<group>"; };
/* End PBXFileReference section */

/* Begin PBXFrameworksBuildPhase section */
		DD5E913D28E0FE5E00FA4CDB /* Frameworks */ = {
			isa = PBXFrameworksBuildPhase;
			buildActionMask = 2147483647;
			files = (
			);
			runOnlyForDeploymentPostprocessing = 0;
		};
		DD5E915328E0FE6000FA4CDB /* Frameworks */ = {
			isa = PBXFrameworksBuildPhase;
			buildActionMask = 2147483647;
			files = (
			);
			runOnlyForDeploymentPostprocessing = 0;
		};
		DD5E915D28E0FE6000FA4CDB /* Frameworks */ = {
			isa = PBXFrameworksBuildPhase;
			buildActionMask = 2147483647;
			files = (
			);
			runOnlyForDeploymentPostprocessing = 0;
		};
/* End PBXFrameworksBuildPhase section */

/* Begin PBXGroup section */
		DD5E913728E0FE5E00FA4CDB = {
			isa = PBXGroup;
			children = (
				DD5E914228E0FE5E00FA4CDB /* MyPlaces */,
				DD5E915928E0FE6000FA4CDB /* MyPlacesTests */,
				DD5E916328E0FE6000FA4CDB /* MyPlacesUITests */,
				DD5E914128E0FE5E00FA4CDB /* Products */,
			);
			sourceTree = "<group>";
		};
		DD5E914128E0FE5E00FA4CDB /* Products */ = {
			isa = PBXGroup;
			children = (
				DD5E914028E0FE5E00FA4CDB /* MyPlaces.app */,
				DD5E915628E0FE6000FA4CDB /* MyPlacesTests.xctest */,
				DD5E916028E0FE6000FA4CDB /* MyPlacesUITests.xctest */,
			);
			name = Products;
			sourceTree = "<group>";
		};
		DD5E914228E0FE5E00FA4CDB /* MyPlaces */ = {
			isa = PBXGroup;
			children = (
				DDB02BFD28EB842900BBCC4D /* sun.png */,
				DD5E917328E1004A00FA4CDB /* DetailController.swift */,
				DD5E917B28E1082700FA4CDB /* FirstViewController.swift */,
				DD5E917428E1004A00FA4CDB /* ManagerPlaces.swift */,
				DD5E917528E1004A00FA4CDB /* Place.swift */,
				DD5E917628E1004A00FA4CDB /* PlaceTourist.swift */,
				DD5E914328E0FE5E00FA4CDB /* AppDelegate.swift */,
				DD5E914528E0FE5E00FA4CDB /* SceneDelegate.swift */,
				DD5E914728E0FE5E00FA4CDB /* ViewController.swift */,
				DD5E914928E0FE5E00FA4CDB /* Main.storyboard */,
				DD5E914C28E0FE5F00FA4CDB /* Assets.xcassets */,
				DD5E914E28E0FE5F00FA4CDB /* LaunchScreen.storyboard */,
				DD5E915128E0FE5F00FA4CDB /* Info.plist */,
				DDB043C728E643D100B882D8 /* NewViewController.swift */,
				DDAEFD4E28EF721A00E5A576 /* MapViewController.swift */,
			);
			path = MyPlaces;
			sourceTree = "<group>";
		};
		DD5E915928E0FE6000FA4CDB /* MyPlacesTests */ = {
			isa = PBXGroup;
			children = (
				DD5E915A28E0FE6000FA4CDB /* MyPlacesTests.swift */,
			);
			path = MyPlacesTests;
			sourceTree = "<group>";
		};
		DD5E916328E0FE6000FA4CDB /* MyPlacesUITests */ = {
			isa = PBXGroup;
			children = (
				DD5E916428E0FE6000FA4CDB /* MyPlacesUITests.swift */,
				DD5E916628E0FE6000FA4CDB /* MyPlacesUITestsLaunchTests.swift */,
			);
			path = MyPlacesUITests;
			sourceTree = "<group>";
		};
/* End PBXGroup section */

/* Begin PBXNativeTarget section */
		DD5E913F28E0FE5E00FA4CDB /* MyPlaces */ = {
			isa = PBXNativeTarget;
			buildConfigurationList = DD5E916A28E0FE6000FA4CDB /* Build configuration list for PBXNativeTarget "MyPlaces" */;
			buildPhases = (
				DD5E913C28E0FE5E00FA4CDB /* Sources */,
				DD5E913D28E0FE5E00FA4CDB /* Frameworks */,
				DD5E913E28E0FE5E00FA4CDB /* Resources */,
			);
			buildRules = (
			);
			dependencies = (
			);
			name = MyPlaces;
			productName = MyPlaces;
			productReference = DD5E914028E0FE5E00FA4CDB /* MyPlaces.app */;
			productType = "com.apple.product-type.application";
		};
		DD5E915528E0FE6000FA4CDB /* MyPlacesTests */ = {
			isa = PBXNativeTarget;
			buildConfigurationList = DD5E916D28E0FE6000FA4CDB /* Build configuration list for PBXNativeTarget "MyPlacesTests" */;
			buildPhases = (
				DD5E915228E0FE6000FA4CDB /* Sources */,
				DD5E915328E0FE6000FA4CDB /* Frameworks */,
				DD5E915428E0FE6000FA4CDB /* Resources */,
			);
			buildRules = (
			);
			dependencies = (
				DD5E915828E0FE6000FA4CDB /* PBXTargetDependency */,
			);
			name = MyPlacesTests;
			productName = MyPlacesTests;
			productReference = DD5E915628E0FE6000FA4CDB /* MyPlacesTests.xctest */;
			productType = "com.apple.product-type.bundle.unit-test";
		};
		DD5E915F28E0FE6000FA4CDB /* MyPlacesUITests */ = {
			isa = PBXNativeTarget;
			buildConfigurationList = DD5E917028E0FE6000FA4CDB /* Build configuration list for PBXNativeTarget "MyPlacesUITests" */;
			buildPhases = (
				DD5E915C28E0FE6000FA4CDB /* Sources */,
				DD5E915D28E0FE6000FA4CDB /* Frameworks */,
				DD5E915E28E0FE6000FA4CDB /* Resources */,
			);
			buildRules = (
			);
			dependencies = (
				DD5E916228E0FE6000FA4CDB /* PBXTargetDependency */,
			);
			name = MyPlacesUITests;
			productName = MyPlacesUITests;
			productReference = DD5E916028E0FE6000FA4CDB /* MyPlacesUITests.xctest */;
			productType = "com.apple.product-type.bundle.ui-testing";
		};
/* End PBXNativeTarget section */

/* Begin PBXProject section */
		DD5E913828E0FE5E00FA4CDB /* Project object */ = {
			isa = PBXProject;
			attributes = {
				BuildIndependentTargetsInParallel = 1;
				LastSwiftUpdateCheck = 1400;
				LastUpgradeCheck = 1400;
				TargetAttributes = {
					DD5E913F28E0FE5E00FA4CDB = {
						CreatedOnToolsVersion = 14.0.1;
					};
					DD5E915528E0FE6000FA4CDB = {
						CreatedOnToolsVersion = 14.0.1;
						TestTargetID = DD5E913F28E0FE5E00FA4CDB;
					};
					DD5E915F28E0FE6000FA4CDB = {
						CreatedOnToolsVersion = 14.0.1;
						TestTargetID = DD5E913F28E0FE5E00FA4CDB;
					};
				};
			};
			buildConfigurationList = DD5E913B28E0FE5E00FA4CDB /* Build configuration list for PBXProject "MyPlaces" */;
			compatibilityVersion = "Xcode 14.0";
			developmentRegion = en;
			hasScannedForEncodings = 0;
			knownRegions = (
				en,
				Base,
			);
			mainGroup = DD5E913728E0FE5E00FA4CDB;
			productRefGroup = DD5E914128E0FE5E00FA4CDB /* Products */;
			projectDirPath = "";
			projectRoot = "";
			targets = (
				DD5E913F28E0FE5E00FA4CDB /* MyPlaces */,
				DD5E915528E0FE6000FA4CDB /* MyPlacesTests */,
				DD5E915F28E0FE6000FA4CDB /* MyPlacesUITests */,
			);
		};
/* End PBXProject section */

/* Begin PBXResourcesBuildPhase section */
		DD5E913E28E0FE5E00FA4CDB /* Resources */ = {
			isa = PBXResourcesBuildPhase;
			buildActionMask = 2147483647;
			files = (
				DDB02BFE28EB842900BBCC4D /* sun.png in Resources */,
				DD5E915028E0FE5F00FA4CDB /* LaunchScreen.storyboard in Resources */,
				DD5E914D28E0FE5F00FA4CDB /* Assets.xcassets in Resources */,
				DD5E914B28E0FE5E00FA4CDB /* Main.storyboard in Resources */,
			);
			runOnlyForDeploymentPostprocessing = 0;
		};
		DD5E915428E0FE6000FA4CDB /* Resources */ = {
			isa = PBXResourcesBuildPhase;
			buildActionMask = 2147483647;
			files = (
			);
			runOnlyForDeploymentPostprocessing = 0;
		};
		DD5E915E28E0FE6000FA4CDB /* Resources */ = {
			isa = PBXResourcesBuildPhase;
			buildActionMask = 2147483647;
			files = (
			);
			runOnlyForDeploymentPostprocessing = 0;
		};
/* End PBXResourcesBuildPhase section */

/* Begin PBXSourcesBuildPhase section */
		DD5E913C28E0FE5E00FA4CDB /* Sources */ = {
			isa = PBXSourcesBuildPhase;
			buildActionMask = 2147483647;
			files = (
				DD5E917728E1004A00FA4CDB /* DetailController.swift in Sources */,
				DD5E917A28E1004A00FA4CDB /* PlaceTourist.swift in Sources */,
				DD5E917828E1004A00FA4CDB /* ManagerPlaces.swift in Sources */,
				DDAEFD4F28EF721A00E5A576 /* MapViewController.swift in Sources */,
				DD5E917C28E1082700FA4CDB /* FirstViewController.swift in Sources */,
				DD5E914828E0FE5E00FA4CDB /* ViewController.swift in Sources */,
				DD5E917928E1004A00FA4CDB /* Place.swift in Sources */,
				DDB043C828E643D100B882D8 /* NewViewController.swift in Sources */,
				DD5E914428E0FE5E00FA4CDB /* AppDelegate.swift in Sources */,
				DD5E914628E0FE5E00FA4CDB /* SceneDelegate.swift in Sources */,
			);
			runOnlyForDeploymentPostprocessing = 0;
		};
		DD5E915228E0FE6000FA4CDB /* Sources */ = {
			isa = PBXSourcesBuildPhase;
			buildActionMask = 2147483647;
			files = (
				DD5E915B28E0FE6000FA4CDB /* MyPlacesTests.swift in Sources */,
			);
			runOnlyForDeploymentPostprocessing = 0;
		};
		DD5E915C28E0FE6000FA4CDB /* Sources */ = {
			isa = PBXSourcesBuildPhase;
			buildActionMask = 2147483647;
			files = (
				DD5E916728E0FE6000FA4CDB /* MyPlacesUITestsLaunchTests.swift in Sources */,
				DD5E916528E0FE6000FA4CDB /* MyPlacesUITests.swift in Sources */,
			);
			runOnlyForDeploymentPostprocessing = 0;
		};
/* End PBXSourcesBuildPhase section */

/* Begin PBXTargetDependency section */
		DD5E915828E0FE6000FA4CDB /* PBXTargetDependency */ = {
			isa = PBXTargetDependency;
			target = DD5E913F28E0FE5E00FA4CDB /* MyPlaces */;
			targetProxy = DD5E915728E0FE6000FA4CDB /* PBXContainerItemProxy */;
		};
		DD5E916228E0FE6000FA4CDB /* PBXTargetDependency */ = {
			isa = PBXTargetDependency;
			target = DD5E913F28E0FE5E00FA4CDB /* MyPlaces */;
			targetProxy = DD5E916128E0FE6000FA4CDB /* PBXContainerItemProxy */;
		};
/* End PBXTargetDependency section */

/* Begin PBXVariantGroup section */
		DD5E914928E0FE5E00FA4CDB /* Main.storyboard */ = {
			isa = PBXVariantGroup;
			children = (
				DD5E914A28E0FE5E00FA4CDB /* Base */,
			);
			name = Main.storyboard;
			sourceTree = "<group>";
		};
		DD5E914E28E0FE5F00FA4CDB /* LaunchScreen.storyboard */ = {
			isa = PBXVariantGroup;
			children = (
				DD5E914F28E0FE5F00FA4CDB /* Base */,
			);
			name = LaunchScreen.storyboard;
			sourceTree = "<group>";
		};
/* End PBXVariantGroup section */

/* Begin XCBuildConfiguration section */
		DD5E916828E0FE6000FA4CDB /* Debug */ = {
			isa = XCBuildConfiguration;
			buildSettings = {
				ALWAYS_SEARCH_USER_PATHS = NO;
				CLANG_ANALYZER_NONNULL = YES;
				CLANG_ANALYZER_NUMBER_OBJECT_CONVERSION = YES_AGGRESSIVE;
				CLANG_CXX_LANGUAGE_STANDARD = "gnu++20";
				CLANG_ENABLE_MODULES = YES;
				CLANG_ENABLE_OBJC_ARC = YES;
				CLANG_ENABLE_OBJC_WEAK = YES;
				CLANG_WARN_BLOCK_CAPTURE_AUTORELEASING = YES;
				CLANG_WARN_BOOL_CONVERSION = YES;
				CLANG_WARN_COMMA = YES;
				CLANG_WARN_CONSTANT_CONVERSION = YES;
				CLANG_WARN_DEPRECATED_OBJC_IMPLEMENTATIONS = YES;
				CLANG_WARN_DIRECT_OBJC_ISA_USAGE = YES_ERROR;
				CLANG_WARN_DOCUMENTATION_COMMENTS = YES;
				CLANG_WARN_EMPTY_BODY = YES;
				CLANG_WARN_ENUM_CONVERSION = YES;
				CLANG_WARN_INFINITE_RECURSION = YES;
				CLANG_WARN_INT_CONVERSION = YES;
				CLANG_WARN_NON_LITERAL_NULL_CONVERSION = YES;
				CLANG_WARN_OBJC_IMPLICIT_RETAIN_SELF = YES;
				CLANG_WARN_OBJC_LITERAL_CONVERSION = YES;
				CLANG_WARN_OBJC_ROOT_CLASS = YES_ERROR;
				CLANG_WARN_QUOTED_INCLUDE_IN_FRAMEWORK_HEADER = YES;
				CLANG_WARN_RANGE_LOOP_ANALYSIS = YES;
				CLANG_WARN_STRICT_PROTOTYPES = YES;
				CLANG_WARN_SUSPICIOUS_MOVE = YES;
				CLANG_WARN_UNGUARDED_AVAILABILITY = YES_AGGRESSIVE;
				CLANG_WARN_UNREACHABLE_CODE = YES;
				CLANG_WARN__DUPLICATE_METHOD_MATCH = YES;
				COPY_PHASE_STRIP = NO;
				DEBUG_INFORMATION_FORMAT = dwarf;
				ENABLE_STRICT_OBJC_MSGSEND = YES;
				ENABLE_TESTABILITY = YES;
				GCC_C_LANGUAGE_STANDARD = gnu11;
				GCC_DYNAMIC_NO_PIC = NO;
				GCC_NO_COMMON_BLOCKS = YES;
				GCC_OPTIMIZATION_LEVEL = 0;
				GCC_PREPROCESSOR_DEFINITIONS = (
					"DEBUG=1",
					"$(inherited)",
				);
				GCC_WARN_64_TO_32_BIT_CONVERSION = YES;
				GCC_WARN_ABOUT_RETURN_TYPE = YES_ERROR;
				GCC_WARN_UNDECLARED_SELECTOR = YES;
				GCC_WARN_UNINITIALIZED_AUTOS = YES_AGGRESSIVE;
				GCC_WARN_UNUSED_FUNCTION = YES;
				GCC_WARN_UNUSED_VARIABLE = YES;
				IPHONEOS_DEPLOYMENT_TARGET = 16.0;
				MTL_ENABLE_DEBUG_INFO = INCLUDE_SOURCE;
				MTL_FAST_MATH = YES;
				ONLY_ACTIVE_ARCH = YES;
				SDKROOT = iphoneos;
				SWIFT_ACTIVE_COMPILATION_CONDITIONS = DEBUG;
				SWIFT_OPTIMIZATION_LEVEL = "-Onone";
			};
			name = Debug;
		};
		DD5E916928E0FE6000FA4CDB /* Release */ = {
			isa = XCBuildConfiguration;
			buildSettings = {
				ALWAYS_SEARCH_USER_PATHS = NO;
				CLANG_ANALYZER_NONNULL = YES;
				CLANG_ANALYZER_NUMBER_OBJECT_CONVERSION = YES_AGGRESSIVE;
				CLANG_CXX_LANGUAGE_STANDARD = "gnu++20";
				CLANG_ENABLE_MODULES = YES;
				CLANG_ENABLE_OBJC_ARC = YES;
				CLANG_ENABLE_OBJC_WEAK = YES;
				CLANG_WARN_BLOCK_CAPTURE_AUTORELEASING = YES;
				CLANG_WARN_BOOL_CONVERSION = YES;
				CLANG_WARN_COMMA = YES;
				CLANG_WARN_CONSTANT_CONVERSION = YES;
				CLANG_WARN_DEPRECATED_OBJC_IMPLEMENTATIONS = YES;
				CLANG_WARN_DIRECT_OBJC_ISA_USAGE = YES_ERROR;
				CLANG_WARN_DOCUMENTATION_COMMENTS = YES;
				CLANG_WARN_EMPTY_BODY = YES;
				CLANG_WARN_ENUM_CONVERSION = YES;
				CLANG_WARN_INFINITE_RECURSION = YES;
				CLANG_WARN_INT_CONVERSION = YES;
				CLANG_WARN_NON_LITERAL_NULL_CONVERSION = YES;
				CLANG_WARN_OBJC_IMPLICIT_RETAIN_SELF = YES;
				CLANG_WARN_OBJC_LITERAL_CONVERSION = YES;
				CLANG_WARN_OBJC_ROOT_CLASS = YES_ERROR;
				CLANG_WARN_QUOTED_INCLUDE_IN_FRAMEWORK_HEADER = YES;
				CLANG_WARN_RANGE_LOOP_ANALYSIS = YES;
				CLANG_WARN_STRICT_PROTOTYPES = YES;
				CLANG_WARN_SUSPICIOUS_MOVE = YES;
				CLANG_WARN_UNGUARDED_AVAILABILITY = YES_AGGRESSIVE;
				CLANG_WARN_UNREACHABLE_CODE = YES;
				CLANG_WARN__DUPLICATE_METHOD_MATCH = YES;
				COPY_PHASE_STRIP = NO;
				DEBUG_INFORMATION_FORMAT = "dwarf-with-dsym";
				ENABLE_NS_ASSERTIONS = NO;
				ENABLE_STRICT_OBJC_MSGSEND = YES;
				GCC_C_LANGUAGE_STANDARD = gnu11;
				GCC_NO_COMMON_BLOCKS = YES;
				GCC_WARN_64_TO_32_BIT_CONVERSION = YES;
				GCC_WARN_ABOUT_RETURN_TYPE = YES_ERROR;
				GCC_WARN_UNDECLARED_SELECTOR = YES;
				GCC_WARN_UNINITIALIZED_AUTOS = YES_AGGRESSIVE;
				GCC_WARN_UNUSED_FUNCTION = YES;
				GCC_WARN_UNUSED_VARIABLE = YES;
				IPHONEOS_DEPLOYMENT_TARGET = 16.0;
				MTL_ENABLE_DEBUG_INFO = NO;
				MTL_FAST_MATH = YES;
				SDKROOT = iphoneos;
				SWIFT_COMPILATION_MODE = wholemodule;
				SWIFT_OPTIMIZATION_LEVEL = "-O";
				VALIDATE_PRODUCT = YES;
			};
			name = Release;
		};
		DD5E916B28E0FE6000FA4CDB /* Debug */ = {
			isa = XCBuildConfiguration;
			buildSettings = {
				ASSETCATALOG_COMPILER_APPICON_NAME = AppIcon;
				ASSETCATALOG_COMPILER_GLOBAL_ACCENT_COLOR_NAME = AccentColor;
				CODE_SIGN_STYLE = Automatic;
				CURRENT_PROJECT_VERSION = 1;
				DEVELOPMENT_TEAM = T6L2QL2M3B;
				GENERATE_INFOPLIST_FILE = YES;
				INFOPLIST_FILE = MyPlaces/Info.plist;
				INFOPLIST_KEY_LSApplicationCategoryType = "";
				INFOPLIST_KEY_NSLocationAlwaysAndWhenInUseUsageDescription = "GPS required";
				INFOPLIST_KEY_NSLocationAlwaysUsageDescription = "GPS required";
				INFOPLIST_KEY_NSLocationWhenInUseUsageDescription = "GPS required";
				INFOPLIST_KEY_UIApplicationSupportsIndirectInputEvents = YES;
				INFOPLIST_KEY_UILaunchStoryboardName = LaunchScreen;
				INFOPLIST_KEY_UIMainStoryboardFile = Main;
				INFOPLIST_KEY_UISupportedInterfaceOrientations = UIInterfaceOrientationPortrait;
				INFOPLIST_KEY_UISupportedInterfaceOrientations_iPad = "UIInterfaceOrientationPortrait UIInterfaceOrientationPortraitUpsideDown";
				LD_RUNPATH_SEARCH_PATHS = (
					"$(inherited)",
					"@executable_path/Frameworks",
				);
				MARKETING_VERSION = 1.0;
				PRODUCT_BUNDLE_IDENTIFIER = com.uoc.MyPlaces;
				PRODUCT_NAME = "$(TARGET_NAME)";
				SWIFT_EMIT_LOC_STRINGS = YES;
				SWIFT_VERSION = 5.0;
				TARGETED_DEVICE_FAMILY = "1,2";
			};
			name = Debug;
		};
		DD5E916C28E0FE6000FA4CDB /* Release */ = {
			isa = XCBuildConfiguration;
			buildSettings = {
				ASSETCATALOG_COMPILER_APPICON_NAME = AppIcon;
				ASSETCATALOG_COMPILER_GLOBAL_ACCENT_COLOR_NAME = AccentColor;
				CODE_SIGN_STYLE = Automatic;
				CURRENT_PROJECT_VERSION = 1;
				DEVELOPMENT_TEAM = T6L2QL2M3B;
				GENERATE_INFOPLIST_FILE = YES;
				INFOPLIST_FILE = MyPlaces/Info.plist;
				INFOPLIST_KEY_LSApplicationCategoryType = "";
				INFOPLIST_KEY_NSLocationAlwaysAndWhenInUseUsageDescription = "GPS required";
				INFOPLIST_KEY_NSLocationAlwaysUsageDescription = "GPS required";
				INFOPLIST_KEY_NSLocationWhenInUseUsageDescription = "GPS required";
				INFOPLIST_KEY_UIApplicationSupportsIndirectInputEvents = YES;
				INFOPLIST_KEY_UILaunchStoryboardName = LaunchScreen;
				INFOPLIST_KEY_UIMainStoryboardFile = Main;
				INFOPLIST_KEY_UISupportedInterfaceOrientations = UIInterfaceOrientationPortrait;
				INFOPLIST_KEY_UISupportedInterfaceOrientations_iPad = "UIInterfaceOrientationPortrait UIInterfaceOrientationPortraitUpsideDown";
				LD_RUNPATH_SEARCH_PATHS = (
					"$(inherited)",
					"@executable_path/Frameworks",
				);
				MARKETING_VERSION = 1.0;
				PRODUCT_BUNDLE_IDENTIFIER = com.uoc.MyPlaces;
				PRODUCT_NAME = "$(TARGET_NAME)";
				SWIFT_EMIT_LOC_STRINGS = YES;
				SWIFT_VERSION = 5.0;
				TARGETED_DEVICE_FAMILY = "1,2";
			};
			name = Release;
		};
		DD5E916E28E0FE6000FA4CDB /* Debug */ = {
			isa = XCBuildConfiguration;
			buildSettings = {
				ALWAYS_EMBED_SWIFT_STANDARD_LIBRARIES = YES;
				BUNDLE_LOADER = "$(TEST_HOST)";
				CODE_SIGN_STYLE = Automatic;
				CURRENT_PROJECT_VERSION = 1;
				DEVELOPMENT_TEAM = T6L2QL2M3B;
				GENERATE_INFOPLIST_FILE = YES;
				IPHONEOS_DEPLOYMENT_TARGET = 16.0;
				MARKETING_VERSION = 1.0;
				PRODUCT_BUNDLE_IDENTIFIER = com.uoc.MyPlacesTests;
				PRODUCT_NAME = "$(TARGET_NAME)";
				SWIFT_EMIT_LOC_STRINGS = NO;
				SWIFT_VERSION = 5.0;
				TARGETED_DEVICE_FAMILY = "1,2";
				TEST_HOST = "$(BUILT_PRODUCTS_DIR)/MyPlaces.app/$(BUNDLE_EXECUTABLE_FOLDER_PATH)/MyPlaces";
			};
			name = Debug;
		};
		DD5E916F28E0FE6000FA4CDB /* Release */ = {
			isa = XCBuildConfiguration;
			buildSettings = {
				ALWAYS_EMBED_SWIFT_STANDARD_LIBRARIES = YES;
				BUNDLE_LOADER = "$(TEST_HOST)";
				CODE_SIGN_STYLE = Automatic;
				CURRENT_PROJECT_VERSION = 1;
				DEVELOPMENT_TEAM = T6L2QL2M3B;
				GENERATE_INFOPLIST_FILE = YES;
				IPHONEOS_DEPLOYMENT_TARGET = 16.0;
				MARKETING_VERSION = 1.0;
				PRODUCT_BUNDLE_IDENTIFIER = com.uoc.MyPlacesTests;
				PRODUCT_NAME = "$(TARGET_NAME)";
				SWIFT_EMIT_LOC_STRINGS = NO;
				SWIFT_VERSION = 5.0;
				TARGETED_DEVICE_FAMILY = "1,2";
				TEST_HOST = "$(BUILT_PRODUCTS_DIR)/MyPlaces.app/$(BUNDLE_EXECUTABLE_FOLDER_PATH)/MyPlaces";
			};
			name = Release;
		};
		DD5E917128E0FE6000FA4CDB /* Debug */ = {
			isa = XCBuildConfiguration;
			buildSettings = {
				ALWAYS_EMBED_SWIFT_STANDARD_LIBRARIES = YES;
				CODE_SIGN_STYLE = Automatic;
				CURRENT_PROJECT_VERSION = 1;
				DEVELOPMENT_TEAM = T6L2QL2M3B;
				GENERATE_INFOPLIST_FILE = YES;
				MARKETING_VERSION = 1.0;
				PRODUCT_BUNDLE_IDENTIFIER = com.uoc.MyPlacesUITests;
				PRODUCT_NAME = "$(TARGET_NAME)";
				SWIFT_EMIT_LOC_STRINGS = NO;
				SWIFT_VERSION = 5.0;
				TARGETED_DEVICE_FAMILY = "1,2";
				TEST_TARGET_NAME = MyPlaces;
			};
			name = Debug;
		};
		DD5E917228E0FE6000FA4CDB /* Release */ = {
			isa = XCBuildConfiguration;
			buildSettings = {
				ALWAYS_EMBED_SWIFT_STANDARD_LIBRARIES = YES;
				CODE_SIGN_STYLE = Automatic;
				CURRENT_PROJECT_VERSION = 1;
				DEVELOPMENT_TEAM = T6L2QL2M3B;
				GENERATE_INFOPLIST_FILE = YES;
				MARKETING_VERSION = 1.0;
				PRODUCT_BUNDLE_IDENTIFIER = com.uoc.MyPlacesUITests;
				PRODUCT_NAME = "$(TARGET_NAME)";
				SWIFT_EMIT_LOC_STRINGS = NO;
				SWIFT_VERSION = 5.0;
				TARGETED_DEVICE_FAMILY = "1,2";
				TEST_TARGET_NAME = MyPlaces;
			};
			name = Release;
		};
/* End XCBuildConfiguration section */

/* Begin XCConfigurationList section */
		DD5E913B28E0FE5E00FA4CDB /* Build configuration list for PBXProject "MyPlaces" */ = {
			isa = XCConfigurationList;
			buildConfigurations = (
				DD5E916828E0FE6000FA4CDB /* Debug */,
				DD5E916928E0FE6000FA4CDB /* Release */,
			);
			defaultConfigurationIsVisible = 0;
			defaultConfigurationName = Release;
		};
		DD5E916A28E0FE6000FA4CDB /* Build configuration list for PBXNativeTarget "MyPlaces" */ = {
			isa = XCConfigurationList;
			buildConfigurations = (
				DD5E916B28E0FE6000FA4CDB /* Debug */,
				DD5E916C28E0FE6000FA4CDB /* Release */,
			);
			defaultConfigurationIsVisible = 0;
			defaultConfigurationName = Release;
		};
		DD5E916D28E0FE6000FA4CDB /* Build configuration list for PBXNativeTarget "MyPlacesTests" */ = {
			isa = XCConfigurationList;
			buildConfigurations = (
				DD5E916E28E0FE6000FA4CDB /* Debug */,
				DD5E916F28E0FE6000FA4CDB /* Release */,
			);
			defaultConfigurationIsVisible = 0;
			defaultConfigurationName = Release;
		};
		DD5E917028E0FE6000FA4CDB /* Build configuration list for PBXNativeTarget "MyPlacesUITests" */ = {
			isa = XCConfigurationList;
			buildConfigurations = (
				DD5E917128E0FE6000FA4CDB /* Debug */,
				DD5E917228E0FE6000FA4CDB /* Release */,
			);
			defaultConfigurationIsVisible = 0;
			defaultConfigurationName = Release;
		};
/* End XCConfigurationList section */
	};
	rootObject = DD5E913828E0FE5E00FA4CDB /* Project object */;
}
